// !$*UTF8*$!
{
	archiveVersion = 1;
	classes = {
	};
	objectVersion = 56;
	objects = {

/* Begin PBXBuildFile section */
		59AC26682A91087C0072468A /* AppDelegate.swift in Sources */ = {isa = PBXBuildFile; fileRef = 59AC26672A91087C0072468A /* AppDelegate.swift */; };
		59AC266A2A91087C0072468A /* SceneDelegate.swift in Sources */ = {isa = PBXBuildFile; fileRef = 59AC26692A91087C0072468A /* SceneDelegate.swift */; };
		59AC266C2A91087C0072468A /* ViewController.swift in Sources */ = {isa = PBXBuildFile; fileRef = 59AC266B2A91087C0072468A /* ViewController.swift */; };
		59AC266F2A91087C0072468A /* Main.storyboard in Resources */ = {isa = PBXBuildFile; fileRef = 59AC266D2A91087C0072468A /* Main.storyboard */; };
		59AC26712A91087D0072468A /* Assets.xcassets in Resources */ = {isa = PBXBuildFile; fileRef = 59AC26702A91087D0072468A /* Assets.xcassets */; };
		59AC26742A91087D0072468A /* LaunchScreen.storyboard in Resources */ = {isa = PBXBuildFile; fileRef = 59AC26722A91087D0072468A /* LaunchScreen.storyboard */; };
		59AC267F2A91087D0072468A /* IOS_Yasam_Dongusu_SenaryolarTests.swift in Sources */ = {isa = PBXBuildFile; fileRef = 59AC267E2A91087D0072468A /* IOS_Yasam_Dongusu_SenaryolarTests.swift */; };
		59AC26892A91087D0072468A /* IOS_Yasam_Dongusu_SenaryolarUITests.swift in Sources */ = {isa = PBXBuildFile; fileRef = 59AC26882A91087D0072468A /* IOS_Yasam_Dongusu_SenaryolarUITests.swift */; };
		59AC268B2A91087D0072468A /* IOS_Yasam_Dongusu_SenaryolarUITestsLaunchTests.swift in Sources */ = {isa = PBXBuildFile; fileRef = 59AC268A2A91087D0072468A /* IOS_Yasam_Dongusu_SenaryolarUITestsLaunchTests.swift */; };
/* End PBXBuildFile section */

/* Begin PBXContainerItemProxy section */
		59AC267B2A91087D0072468A /* PBXContainerItemProxy */ = {
			isa = PBXContainerItemProxy;
			containerPortal = 59AC265C2A91087C0072468A /* Project object */;
			proxyType = 1;
			remoteGlobalIDString = 59AC26632A91087C0072468A;
			remoteInfo = "IOS Yasam Dongusu Senaryolar";
		};
		59AC26852A91087D0072468A /* PBXContainerItemProxy */ = {
			isa = PBXContainerItemProxy;
			containerPortal = 59AC265C2A91087C0072468A /* Project object */;
			proxyType = 1;
			remoteGlobalIDString = 59AC26632A91087C0072468A;
			remoteInfo = "IOS Yasam Dongusu Senaryolar";
		};
/* End PBXContainerItemProxy section */

/* Begin PBXFileReference section */
		59AC26642A91087C0072468A /* IOS Yasam Dongusu Senaryolar.app */ = {isa = PBXFileReference; explicitFileType = wrapper.application; includeInIndex = 0; path = "IOS Yasam Dongusu Senaryolar.app"; sourceTree = BUILT_PRODUCTS_DIR; };
		59AC26672A91087C0072468A /* AppDelegate.swift */ = {isa = PBXFileReference; lastKnownFileType = sourcecode.swift; path = AppDelegate.swift; sourceTree = "<group>"; };
		59AC26692A91087C0072468A /* SceneDelegate.swift */ = {isa = PBXFileReference; lastKnownFileType = sourcecode.swift; path = SceneDelegate.swift; sourceTree = "<group>"; };
		59AC266B2A91087C0072468A /* ViewController.swift */ = {isa = PBXFileReference; lastKnownFileType = sourcecode.swift; path = ViewController.swift; sourceTree = "<group>"; };
		59AC266E2A91087C0072468A /* Base */ = {isa = PBXFileReference; lastKnownFileType = file.storyboard; name = Base; path = Base.lproj/Main.storyboard; sourceTree = "<group>"; };
		59AC26702A91087D0072468A /* Assets.xcassets */ = {isa = PBXFileReference; lastKnownFileType = folder.assetcatalog; path = Assets.xcassets; sourceTree = "<group>"; };
		59AC26732A91087D0072468A /* Base */ = {isa = PBXFileReference; lastKnownFileType = file.storyboard; name = Base; path = Base.lproj/LaunchScreen.storyboard; sourceTree = "<group>"; };
		59AC26752A91087D0072468A /* Info.plist */ = {isa = PBXFileReference; lastKnownFileType = text.plist.xml; path = Info.plist; sourceTree = "<group>"; };
		59AC267A2A91087D0072468A /* IOS Yasam Dongusu SenaryolarTests.xctest */ = {isa = PBXFileReference; explicitFileType = wrapper.cfbundle; includeInIndex = 0; path = "IOS Yasam Dongusu SenaryolarTests.xctest"; sourceTree = BUILT_PRODUCTS_DIR; };
		59AC267E2A91087D0072468A /* IOS_Yasam_Dongusu_SenaryolarTests.swift */ = {isa = PBXFileReference; lastKnownFileType = sourcecode.swift; path = IOS_Yasam_Dongusu_SenaryolarTests.swift; sourceTree = "<group>"; };
		59AC26842A91087D0072468A /* IOS Yasam Dongusu SenaryolarUITests.xctest */ = {isa = PBXFileReference; explicitFileType = wrapper.cfbundle; includeInIndex = 0; path = "IOS Yasam Dongusu SenaryolarUITests.xctest"; sourceTree = BUILT_PRODUCTS_DIR; };
		59AC26882A91087D0072468A /* IOS_Yasam_Dongusu_SenaryolarUITests.swift */ = {isa = PBXFileReference; lastKnownFileType = sourcecode.swift; path = IOS_Yasam_Dongusu_SenaryolarUITests.swift; sourceTree = "<group>"; };
		59AC268A2A91087D0072468A /* IOS_Yasam_Dongusu_SenaryolarUITestsLaunchTests.swift */ = {isa = PBXFileReference; lastKnownFileType = sourcecode.swift; path = IOS_Yasam_Dongusu_SenaryolarUITestsLaunchTests.swift; sourceTree = "<group>"; };
/* End PBXFileReference section */

/* Begin PBXFrameworksBuildPhase section */
		59AC26612A91087C0072468A /* Frameworks */ = {
			isa = PBXFrameworksBuildPhase;
			buildActionMask = 2147483647;
			files = (
			);
			runOnlyForDeploymentPostprocessing = 0;
		};
		59AC26772A91087D0072468A /* Frameworks */ = {
			isa = PBXFrameworksBuildPhase;
			buildActionMask = 2147483647;
			files = (
			);
			runOnlyForDeploymentPostprocessing = 0;
		};
		59AC26812A91087D0072468A /* Frameworks */ = {
			isa = PBXFrameworksBuildPhase;
			buildActionMask = 2147483647;
			files = (
			);
			runOnlyForDeploymentPostprocessing = 0;
		};
/* End PBXFrameworksBuildPhase section */

/* Begin PBXGroup section */
		59AC265B2A91087C0072468A = {
			isa = PBXGroup;
			children = (
				59AC26662A91087C0072468A /* IOS Yasam Dongusu Senaryolar */,
				59AC267D2A91087D0072468A /* IOS Yasam Dongusu SenaryolarTests */,
				59AC26872A91087D0072468A /* IOS Yasam Dongusu SenaryolarUITests */,
				59AC26652A91087C0072468A /* Products */,
			);
			sourceTree = "<group>";
		};
		59AC26652A91087C0072468A /* Products */ = {
			isa = PBXGroup;
			children = (
				59AC26642A91087C0072468A /* IOS Yasam Dongusu Senaryolar.app */,
				59AC267A2A91087D0072468A /* IOS Yasam Dongusu SenaryolarTests.xctest */,
				59AC26842A91087D0072468A /* IOS Yasam Dongusu SenaryolarUITests.xctest */,
			);
			name = Products;
			sourceTree = "<group>";
		};
		59AC26662A91087C0072468A /* IOS Yasam Dongusu Senaryolar */ = {
			isa = PBXGroup;
			children = (
				59AC26672A91087C0072468A /* AppDelegate.swift */,
				59AC26692A91087C0072468A /* SceneDelegate.swift */,
				59AC266B2A91087C0072468A /* ViewController.swift */,
				59AC266D2A91087C0072468A /* Main.storyboard */,
				59AC26702A91087D0072468A /* Assets.xcassets */,
				59AC26722A91087D0072468A /* LaunchScreen.storyboard */,
				59AC26752A91087D0072468A /* Info.plist */,
			);
			path = "IOS Yasam Dongusu Senaryolar";
			sourceTree = "<group>";
		};
		59AC267D2A91087D0072468A /* IOS Yasam Dongusu SenaryolarTests */ = {
			isa = PBXGroup;
			children = (
				59AC267E2A91087D0072468A /* IOS_Yasam_Dongusu_SenaryolarTests.swift */,
			);
			path = "IOS Yasam Dongusu SenaryolarTests";
			sourceTree = "<group>";
		};
		59AC26872A91087D0072468A /* IOS Yasam Dongusu SenaryolarUITests */ = {
			isa = PBXGroup;
			children = (
				59AC26882A91087D0072468A /* IOS_Yasam_Dongusu_SenaryolarUITests.swift */,
				59AC268A2A91087D0072468A /* IOS_Yasam_Dongusu_SenaryolarUITestsLaunchTests.swift */,
			);
			path = "IOS Yasam Dongusu SenaryolarUITests";
			sourceTree = "<group>";
		};
/* End PBXGroup section */

/* Begin PBXNativeTarget section */
		59AC26632A91087C0072468A /* IOS Yasam Dongusu Senaryolar */ = {
			isa = PBXNativeTarget;
			buildConfigurationList = 59AC268E2A91087D0072468A /* Build configuration list for PBXNativeTarget "IOS Yasam Dongusu Senaryolar" */;
			buildPhases = (
				59AC26602A91087C0072468A /* Sources */,
				59AC26612A91087C0072468A /* Frameworks */,
				59AC26622A91087C0072468A /* Resources */,
			);
			buildRules = (
			);
			dependencies = (
			);
			name = "IOS Yasam Dongusu Senaryolar";
			productName = "IOS Yasam Dongusu Senaryolar";
			productReference = 59AC26642A91087C0072468A /* IOS Yasam Dongusu Senaryolar.app */;
			productType = "com.apple.product-type.application";
		};
		59AC26792A91087D0072468A /* IOS Yasam Dongusu SenaryolarTests */ = {
			isa = PBXNativeTarget;
			buildConfigurationList = 59AC26912A91087D0072468A /* Build configuration list for PBXNativeTarget "IOS Yasam Dongusu SenaryolarTests" */;
			buildPhases = (
				59AC26762A91087D0072468A /* Sources */,
				59AC26772A91087D0072468A /* Frameworks */,
				59AC26782A91087D0072468A /* Resources */,
			);
			buildRules = (
			);
			dependencies = (
				59AC267C2A91087D0072468A /* PBXTargetDependency */,
			);
			name = "IOS Yasam Dongusu SenaryolarTests";
			productName = "IOS Yasam Dongusu SenaryolarTests";
			productReference = 59AC267A2A91087D0072468A /* IOS Yasam Dongusu SenaryolarTests.xctest */;
			productType = "com.apple.product-type.bundle.unit-test";
		};
		59AC26832A91087D0072468A /* IOS Yasam Dongusu SenaryolarUITests */ = {
			isa = PBXNativeTarget;
			buildConfigurationList = 59AC26942A91087D0072468A /* Build configuration list for PBXNativeTarget "IOS Yasam Dongusu SenaryolarUITests" */;
			buildPhases = (
				59AC26802A91087D0072468A /* Sources */,
				59AC26812A91087D0072468A /* Frameworks */,
				59AC26822A91087D0072468A /* Resources */,
			);
			buildRules = (
			);
			dependencies = (
				59AC26862A91087D0072468A /* PBXTargetDependency */,
			);
			name = "IOS Yasam Dongusu SenaryolarUITests";
			productName = "IOS Yasam Dongusu SenaryolarUITests";
			productReference = 59AC26842A91087D0072468A /* IOS Yasam Dongusu SenaryolarUITests.xctest */;
			productType = "com.apple.product-type.bundle.ui-testing";
		};
/* End PBXNativeTarget section */

/* Begin PBXProject section */
		59AC265C2A91087C0072468A /* Project object */ = {
			isa = PBXProject;
			attributes = {
				BuildIndependentTargetsInParallel = 1;
				LastSwiftUpdateCheck = 1430;
				LastUpgradeCheck = 1430;
				TargetAttributes = {
					59AC26632A91087C0072468A = {
						CreatedOnToolsVersion = 14.3;
					};
					59AC26792A91087D0072468A = {
						CreatedOnToolsVersion = 14.3;
						TestTargetID = 59AC26632A91087C0072468A;
					};
					59AC26832A91087D0072468A = {
						CreatedOnToolsVersion = 14.3;
						TestTargetID = 59AC26632A91087C0072468A;
					};
				};
			};
			buildConfigurationList = 59AC265F2A91087C0072468A /* Build configuration list for PBXProject "IOS Yasam Dongusu Senaryolar" */;
			compatibilityVersion = "Xcode 14.0";
			developmentRegion = en;
			hasScannedForEncodings = 0;
			knownRegions = (
				en,
				Base,
			);
			mainGroup = 59AC265B2A91087C0072468A;
			productRefGroup = 59AC26652A91087C0072468A /* Products */;
			projectDirPath = "";
			projectRoot = "";
			targets = (
				59AC26632A91087C0072468A /* IOS Yasam Dongusu Senaryolar */,
				59AC26792A91087D0072468A /* IOS Yasam Dongusu SenaryolarTests */,
				59AC26832A91087D0072468A /* IOS Yasam Dongusu SenaryolarUITests */,
			);
		};
/* End PBXProject section */

/* Begin PBXResourcesBuildPhase section */
		59AC26622A91087C0072468A /* Resources */ = {
			isa = PBXResourcesBuildPhase;
			buildActionMask = 2147483647;
			files = (
				59AC26742A91087D0072468A /* LaunchScreen.storyboard in Resources */,
				59AC26712A91087D0072468A /* Assets.xcassets in Resources */,
				59AC266F2A91087C0072468A /* Main.storyboard in Resources */,
			);
			runOnlyForDeploymentPostprocessing = 0;
		};
		59AC26782A91087D0072468A /* Resources */ = {
			isa = PBXResourcesBuildPhase;
			buildActionMask = 2147483647;
			files = (
			);
			runOnlyForDeploymentPostprocessing = 0;
		};
		59AC26822A91087D0072468A /* Resources */ = {
			isa = PBXResourcesBuildPhase;
			buildActionMask = 2147483647;
			files = (
			);
			runOnlyForDeploymentPostprocessing = 0;
		};
/* End PBXResourcesBuildPhase section */

/* Begin PBXSourcesBuildPhase section */
		59AC26602A91087C0072468A /* Sources */ = {
			isa = PBXSourcesBuildPhase;
			buildActionMask = 2147483647;
			files = (
				59AC266C2A91087C0072468A /* ViewController.swift in Sources */,
				59AC26682A91087C0072468A /* AppDelegate.swift in Sources */,
				59AC266A2A91087C0072468A /* SceneDelegate.swift in Sources */,
			);
			runOnlyForDeploymentPostprocessing = 0;
		};
		59AC26762A91087D0072468A /* Sources */ = {
			isa = PBXSourcesBuildPhase;
			buildActionMask = 2147483647;
			files = (
				59AC267F2A91087D0072468A /* IOS_Yasam_Dongusu_SenaryolarTests.swift in Sources */,
			);
			runOnlyForDeploymentPostprocessing = 0;
		};
		59AC26802A91087D0072468A /* Sources */ = {
			isa = PBXSourcesBuildPhase;
			buildActionMask = 2147483647;
			files = (
				59AC268B2A91087D0072468A /* IOS_Yasam_Dongusu_SenaryolarUITestsLaunchTests.swift in Sources */,
				59AC26892A91087D0072468A /* IOS_Yasam_Dongusu_SenaryolarUITests.swift in Sources */,
			);
			runOnlyForDeploymentPostprocessing = 0;
		};
/* End PBXSourcesBuildPhase section */

/* Begin PBXTargetDependency section */
		59AC267C2A91087D0072468A /* PBXTargetDependency */ = {
			isa = PBXTargetDependency;
			target = 59AC26632A91087C0072468A /* IOS Yasam Dongusu Senaryolar */;
			targetProxy = 59AC267B2A91087D0072468A /* PBXContainerItemProxy */;
		};
		59AC26862A91087D0072468A /* PBXTargetDependency */ = {
			isa = PBXTargetDependency;
			target = 59AC26632A91087C0072468A /* IOS Yasam Dongusu Senaryolar */;
			targetProxy = 59AC26852A91087D0072468A /* PBXContainerItemProxy */;
		};
/* End PBXTargetDependency section */

/* Begin PBXVariantGroup section */
		59AC266D2A91087C0072468A /* Main.storyboard */ = {
			isa = PBXVariantGroup;
			children = (
				59AC266E2A91087C0072468A /* Base */,
			);
			name = Main.storyboard;
			sourceTree = "<group>";
		};
		59AC26722A91087D0072468A /* LaunchScreen.storyboard */ = {
			isa = PBXVariantGroup;
			children = (
				59AC26732A91087D0072468A /* Base */,
			);
			name = LaunchScreen.storyboard;
			sourceTree = "<group>";
		};
/* End PBXVariantGroup section */

/* Begin XCBuildConfiguration section */
		59AC268C2A91087D0072468A /* Debug */ = {
			isa = XCBuildConfiguration;
			buildSettings = {
				ALWAYS_SEARCH_USER_PATHS = NO;
				CLANG_ANALYZER_NONNULL = YES;
				CLANG_ANALYZER_NUMBER_OBJECT_CONVERSION = YES_AGGRESSIVE;
				CLANG_CXX_LANGUAGE_STANDARD = "gnu++20";
				CLANG_ENABLE_MODULES = YES;
				CLANG_ENABLE_OBJC_ARC = YES;
				CLANG_ENABLE_OBJC_WEAK = YES;
				CLANG_WARN_BLOCK_CAPTURE_AUTORELEASING = YES;
				CLANG_WARN_BOOL_CONVERSION = YES;
				CLANG_WARN_COMMA = YES;
				CLANG_WARN_CONSTANT_CONVERSION = YES;
				CLANG_WARN_DEPRECATED_OBJC_IMPLEMENTATIONS = YES;
				CLANG_WARN_DIRECT_OBJC_ISA_USAGE = YES_ERROR;
				CLANG_WARN_DOCUMENTATION_COMMENTS = YES;
				CLANG_WARN_EMPTY_BODY = YES;
				CLANG_WARN_ENUM_CONVERSION = YES;
				CLANG_WARN_INFINITE_RECURSION = YES;
				CLANG_WARN_INT_CONVERSION = YES;
				CLANG_WARN_NON_LITERAL_NULL_CONVERSION = YES;
				CLANG_WARN_OBJC_IMPLICIT_RETAIN_SELF = YES;
				CLANG_WARN_OBJC_LITERAL_CONVERSION = YES;
				CLANG_WARN_OBJC_ROOT_CLASS = YES_ERROR;
				CLANG_WARN_QUOTED_INCLUDE_IN_FRAMEWORK_HEADER = YES;
				CLANG_WARN_RANGE_LOOP_ANALYSIS = YES;
				CLANG_WARN_STRICT_PROTOTYPES = YES;
				CLANG_WARN_SUSPICIOUS_MOVE = YES;
				CLANG_WARN_UNGUARDED_AVAILABILITY = YES_AGGRESSIVE;
				CLANG_WARN_UNREACHABLE_CODE = YES;
				CLANG_WARN__DUPLICATE_METHOD_MATCH = YES;
				COPY_PHASE_STRIP = NO;
				DEBUG_INFORMATION_FORMAT = dwarf;
				ENABLE_STRICT_OBJC_MSGSEND = YES;
				ENABLE_TESTABILITY = YES;
				GCC_C_LANGUAGE_STANDARD = gnu11;
				GCC_DYNAMIC_NO_PIC = NO;
				GCC_NO_COMMON_BLOCKS = YES;
				GCC_OPTIMIZATION_LEVEL = 0;
				GCC_PREPROCESSOR_DEFINITIONS = (
					"DEBUG=1",
					"$(inherited)",
				);
				GCC_WARN_64_TO_32_BIT_CONVERSION = YES;
				GCC_WARN_ABOUT_RETURN_TYPE = YES_ERROR;
				GCC_WARN_UNDECLARED_SELECTOR = YES;
				GCC_WARN_UNINITIALIZED_AUTOS = YES_AGGRESSIVE;
				GCC_WARN_UNUSED_FUNCTION = YES;
				GCC_WARN_UNUSED_VARIABLE = YES;
				IPHONEOS_DEPLOYMENT_TARGET = 16.4;
				MTL_ENABLE_DEBUG_INFO = INCLUDE_SOURCE;
				MTL_FAST_MATH = YES;
				ONLY_ACTIVE_ARCH = YES;
				SDKROOT = iphoneos;
				SWIFT_ACTIVE_COMPILATION_CONDITIONS = DEBUG;
				SWIFT_OPTIMIZATION_LEVEL = "-Onone";
			};
			name = Debug;
		};
		59AC268D2A91087D0072468A /* Release */ = {
			isa = XCBuildConfiguration;
			buildSettings = {
				ALWAYS_SEARCH_USER_PATHS = NO;
				CLANG_ANALYZER_NONNULL = YES;
				CLANG_ANALYZER_NUMBER_OBJECT_CONVERSION = YES_AGGRESSIVE;
				CLANG_CXX_LANGUAGE_STANDARD = "gnu++20";
				CLANG_ENABLE_MODULES = YES;
				CLANG_ENABLE_OBJC_ARC = YES;
				CLANG_ENABLE_OBJC_WEAK = YES;
				CLANG_WARN_BLOCK_CAPTURE_AUTORELEASING = YES;
				CLANG_WARN_BOOL_CONVERSION = YES;
				CLANG_WARN_COMMA = YES;
				CLANG_WARN_CONSTANT_CONVERSION = YES;
				CLANG_WARN_DEPRECATED_OBJC_IMPLEMENTATIONS = YES;
				CLANG_WARN_DIRECT_OBJC_ISA_USAGE = YES_ERROR;
				CLANG_WARN_DOCUMENTATION_COMMENTS = YES;
				CLANG_WARN_EMPTY_BODY = YES;
				CLANG_WARN_ENUM_CONVERSION = YES;
				CLANG_WARN_INFINITE_RECURSION = YES;
				CLANG_WARN_INT_CONVERSION = YES;
				CLANG_WARN_NON_LITERAL_NULL_CONVERSION = YES;
				CLANG_WARN_OBJC_IMPLICIT_RETAIN_SELF = YES;
				CLANG_WARN_OBJC_LITERAL_CONVERSION = YES;
				CLANG_WARN_OBJC_ROOT_CLASS = YES_ERROR;
				CLANG_WARN_QUOTED_INCLUDE_IN_FRAMEWORK_HEADER = YES;
				CLANG_WARN_RANGE_LOOP_ANALYSIS = YES;
				CLANG_WARN_STRICT_PROTOTYPES = YES;
				CLANG_WARN_SUSPICIOUS_MOVE = YES;
				CLANG_WARN_UNGUARDED_AVAILABILITY = YES_AGGRESSIVE;
				CLANG_WARN_UNREACHABLE_CODE = YES;
				CLANG_WARN__DUPLICATE_METHOD_MATCH = YES;
				COPY_PHASE_STRIP = NO;
				DEBUG_INFORMATION_FORMAT = "dwarf-with-dsym";
				ENABLE_NS_ASSERTIONS = NO;
				ENABLE_STRICT_OBJC_MSGSEND = YES;
				GCC_C_LANGUAGE_STANDARD = gnu11;
				GCC_NO_COMMON_BLOCKS = YES;
				GCC_WARN_64_TO_32_BIT_CONVERSION = YES;
				GCC_WARN_ABOUT_RETURN_TYPE = YES_ERROR;
				GCC_WARN_UNDECLARED_SELECTOR = YES;
				GCC_WARN_UNINITIALIZED_AUTOS = YES_AGGRESSIVE;
				GCC_WARN_UNUSED_FUNCTION = YES;
				GCC_WARN_UNUSED_VARIABLE = YES;
				IPHONEOS_DEPLOYMENT_TARGET = 16.4;
				MTL_ENABLE_DEBUG_INFO = NO;
				MTL_FAST_MATH = YES;
				SDKROOT = iphoneos;
				SWIFT_COMPILATION_MODE = wholemodule;
				SWIFT_OPTIMIZATION_LEVEL = "-O";
				VALIDATE_PRODUCT = YES;
			};
			name = Release;
		};
		59AC268F2A91087D0072468A /* Debug */ = {
			isa = XCBuildConfiguration;
			buildSettings = {
				ASSETCATALOG_COMPILER_APPICON_NAME = AppIcon;
				ASSETCATALOG_COMPILER_GLOBAL_ACCENT_COLOR_NAME = AccentColor;
				CODE_SIGN_STYLE = Automatic;
				CURRENT_PROJECT_VERSION = 1;
				GENERATE_INFOPLIST_FILE = YES;
				INFOPLIST_FILE = "IOS Yasam Dongusu Senaryolar/Info.plist";
				INFOPLIST_KEY_UIApplicationSupportsIndirectInputEvents = YES;
				INFOPLIST_KEY_UILaunchStoryboardName = LaunchScreen;
				INFOPLIST_KEY_UIMainStoryboardFile = Main;
				INFOPLIST_KEY_UISupportedInterfaceOrientations_iPad = "UIInterfaceOrientationPortrait UIInterfaceOrientationPortraitUpsideDown UIInterfaceOrientationLandscapeLeft UIInterfaceOrientationLandscapeRight";
				INFOPLIST_KEY_UISupportedInterfaceOrientations_iPhone = "UIInterfaceOrientationPortrait UIInterfaceOrientationLandscapeLeft UIInterfaceOrientationLandscapeRight";
				LD_RUNPATH_SEARCH_PATHS = (
					"$(inherited)",
					"@executable_path/Frameworks",
				);
				MARKETING_VERSION = 1.0;
				PRODUCT_BUNDLE_IDENTIFIER = "BRK.IOS-Yasam-Dongusu-Senaryolar";
				PRODUCT_NAME = "$(TARGET_NAME)";
				SWIFT_EMIT_LOC_STRINGS = YES;
				SWIFT_VERSION = 5.0;
				TARGETED_DEVICE_FAMILY = "1,2";
			};
			name = Debug;
		};
		59AC26902A91087D0072468A /* Release */ = {
			isa = XCBuildConfiguration;
			buildSettings = {
				ASSETCATALOG_COMPILER_APPICON_NAME = AppIcon;
				ASSETCATALOG_COMPILER_GLOBAL_ACCENT_COLOR_NAME = AccentColor;
				CODE_SIGN_STYLE = Automatic;
				CURRENT_PROJECT_VERSION = 1;
				GENERATE_INFOPLIST_FILE = YES;
				INFOPLIST_FILE = "IOS Yasam Dongusu Senaryolar/Info.plist";
				INFOPLIST_KEY_UIApplicationSupportsIndirectInputEvents = YES;
				INFOPLIST_KEY_UILaunchStoryboardName = LaunchScreen;
				INFOPLIST_KEY_UIMainStoryboardFile = Main;
				INFOPLIST_KEY_UISupportedInterfaceOrientations_iPad = "UIInterfaceOrientationPortrait UIInterfaceOrientationPortraitUpsideDown UIInterfaceOrientationLandscapeLeft UIInterfaceOrientationLandscapeRight";
				INFOPLIST_KEY_UISupportedInterfaceOrientations_iPhone = "UIInterfaceOrientationPortrait UIInterfaceOrientationLandscapeLeft UIInterfaceOrientationLandscapeRight";
				LD_RUNPATH_SEARCH_PATHS = (
					"$(inherited)",
					"@executable_path/Frameworks",
				);
				MARKETING_VERSION = 1.0;
				PRODUCT_BUNDLE_IDENTIFIER = "BRK.IOS-Yasam-Dongusu-Senaryolar";
				PRODUCT_NAME = "$(TARGET_NAME)";
				SWIFT_EMIT_LOC_STRINGS = YES;
				SWIFT_VERSION = 5.0;
				TARGETED_DEVICE_FAMILY = "1,2";
			};
			name = Release;
		};
		59AC26922A91087D0072468A /* Debug */ = {
			isa = XCBuildConfiguration;
			buildSettings = {
				ALWAYS_EMBED_SWIFT_STANDARD_LIBRARIES = YES;
				BUNDLE_LOADER = "$(TEST_HOST)";
				CODE_SIGN_STYLE = Automatic;
				CURRENT_PROJECT_VERSION = 1;
				GENERATE_INFOPLIST_FILE = YES;
				IPHONEOS_DEPLOYMENT_TARGET = 16.4;
				MARKETING_VERSION = 1.0;
				PRODUCT_BUNDLE_IDENTIFIER = "BRK.IOS-Yasam-Dongusu-SenaryolarTests";
				PRODUCT_NAME = "$(TARGET_NAME)";
				SWIFT_EMIT_LOC_STRINGS = NO;
				SWIFT_VERSION = 5.0;
				TARGETED_DEVICE_FAMILY = "1,2";
				TEST_HOST = "$(BUILT_PRODUCTS_DIR)/IOS Yasam Dongusu Senaryolar.app/$(BUNDLE_EXECUTABLE_FOLDER_PATH)/IOS Yasam Dongusu Senaryolar";
			};
			name = Debug;
		};
		59AC26932A91087D0072468A /* Release */ = {
			isa = XCBuildConfiguration;
			buildSettings = {
				ALWAYS_EMBED_SWIFT_STANDARD_LIBRARIES = YES;
				BUNDLE_LOADER = "$(TEST_HOST)";
				CODE_SIGN_STYLE = Automatic;
				CURRENT_PROJECT_VERSION = 1;
				GENERATE_INFOPLIST_FILE = YES;
				IPHONEOS_DEPLOYMENT_TARGET = 16.4;
				MARKETING_VERSION = 1.0;
				PRODUCT_BUNDLE_IDENTIFIER = "BRK.IOS-Yasam-Dongusu-SenaryolarTests";
				PRODUCT_NAME = "$(TARGET_NAME)";
				SWIFT_EMIT_LOC_STRINGS = NO;
				SWIFT_VERSION = 5.0;
				TARGETED_DEVICE_FAMILY = "1,2";
				TEST_HOST = "$(BUILT_PRODUCTS_DIR)/IOS Yasam Dongusu Senaryolar.app/$(BUNDLE_EXECUTABLE_FOLDER_PATH)/IOS Yasam Dongusu Senaryolar";
			};
			name = Release;
		};
		59AC26952A91087D0072468A /* Debug */ = {
			isa = XCBuildConfiguration;
			buildSettings = {
				ALWAYS_EMBED_SWIFT_STANDARD_LIBRARIES = YES;
				CODE_SIGN_STYLE = Automatic;
				CURRENT_PROJECT_VERSION = 1;
				GENERATE_INFOPLIST_FILE = YES;
				MARKETING_VERSION = 1.0;
				PRODUCT_BUNDLE_IDENTIFIER = "BRK.IOS-Yasam-Dongusu-SenaryolarUITests";
				PRODUCT_NAME = "$(TARGET_NAME)";
				SWIFT_EMIT_LOC_STRINGS = NO;
				SWIFT_VERSION = 5.0;
				TARGETED_DEVICE_FAMILY = "1,2";
				TEST_TARGET_NAME = "IOS Yasam Dongusu Senaryolar";
			};
			name = Debug;
		};
		59AC26962A91087D0072468A /* Release */ = {
			isa = XCBuildConfiguration;
			buildSettings = {
				ALWAYS_EMBED_SWIFT_STANDARD_LIBRARIES = YES;
				CODE_SIGN_STYLE = Automatic;
				CURRENT_PROJECT_VERSION = 1;
				GENERATE_INFOPLIST_FILE = YES;
				MARKETING_VERSION = 1.0;
				PRODUCT_BUNDLE_IDENTIFIER = "BRK.IOS-Yasam-Dongusu-SenaryolarUITests";
				PRODUCT_NAME = "$(TARGET_NAME)";
				SWIFT_EMIT_LOC_STRINGS = NO;
				SWIFT_VERSION = 5.0;
				TARGETED_DEVICE_FAMILY = "1,2";
				TEST_TARGET_NAME = "IOS Yasam Dongusu Senaryolar";
			};
			name = Release;
		};
/* End XCBuildConfiguration section */

/* Begin XCConfigurationList section */
		59AC265F2A91087C0072468A /* Build configuration list for PBXProject "IOS Yasam Dongusu Senaryolar" */ = {
			isa = XCConfigurationList;
			buildConfigurations = (
				59AC268C2A91087D0072468A /* Debug */,
				59AC268D2A91087D0072468A /* Release */,
			);
			defaultConfigurationIsVisible = 0;
			defaultConfigurationName = Release;
		};
		59AC268E2A91087D0072468A /* Build configuration list for PBXNativeTarget "IOS Yasam Dongusu Senaryolar" */ = {
			isa = XCConfigurationList;
			buildConfigurations = (
				59AC268F2A91087D0072468A /* Debug */,
				59AC26902A91087D0072468A /* Release */,
			);
			defaultConfigurationIsVisible = 0;
			defaultConfigurationName = Release;
		};
		59AC26912A91087D0072468A /* Build configuration list for PBXNativeTarget "IOS Yasam Dongusu SenaryolarTests" */ = {
			isa = XCConfigurationList;
			buildConfigurations = (
				59AC26922A91087D0072468A /* Debug */,
				59AC26932A91087D0072468A /* Release */,
			);
			defaultConfigurationIsVisible = 0;
			defaultConfigurationName = Release;
		};
		59AC26942A91087D0072468A /* Build configuration list for PBXNativeTarget "IOS Yasam Dongusu SenaryolarUITests" */ = {
			isa = XCConfigurationList;
			buildConfigurations = (
				59AC26952A91087D0072468A /* Debug */,
				59AC26962A91087D0072468A /* Release */,
			);
			defaultConfigurationIsVisible = 0;
			defaultConfigurationName = Release;
		};
/* End XCConfigurationList section */
	};
	rootObject = 59AC265C2A91087C0072468A /* Project object */;
}
