// !$*UTF8*$!
{
	archiveVersion = 1;
	classes = {
	};
	objectVersion = 56;
	objects = {

/* Begin PBXBuildFile section */
		599966322A88117F00C8C6D4 /* AppDelegate.swift in Sources */ = {isa = PBXBuildFile; fileRef = 599966312A88117F00C8C6D4 /* AppDelegate.swift */; };
		599966342A88117F00C8C6D4 /* SceneDelegate.swift in Sources */ = {isa = PBXBuildFile; fileRef = 599966332A88117F00C8C6D4 /* SceneDelegate.swift */; };
		599966362A88117F00C8C6D4 /* ViewController.swift in Sources */ = {isa = PBXBuildFile; fileRef = 599966352A88117F00C8C6D4 /* ViewController.swift */; };
		599966392A88117F00C8C6D4 /* Main.storyboard in Resources */ = {isa = PBXBuildFile; fileRef = 599966372A88117F00C8C6D4 /* Main.storyboard */; };
		5999663B2A88118000C8C6D4 /* Assets.xcassets in Resources */ = {isa = PBXBuildFile; fileRef = 5999663A2A88118000C8C6D4 /* Assets.xcassets */; };
		5999663E2A88118000C8C6D4 /* LaunchScreen.storyboard in Resources */ = {isa = PBXBuildFile; fileRef = 5999663C2A88118000C8C6D4 /* LaunchScreen.storyboard */; };
		599966492A88118000C8C6D4 /* Kod_ile_Segue_Gec_is_iTests.swift in Sources */ = {isa = PBXBuildFile; fileRef = 599966482A88118000C8C6D4 /* Kod_ile_Segue_Gec_is_iTests.swift */; };
		599966532A88118000C8C6D4 /* Kod_ile_Segue_Gec_is_iUITests.swift in Sources */ = {isa = PBXBuildFile; fileRef = 599966522A88118000C8C6D4 /* Kod_ile_Segue_Gec_is_iUITests.swift */; };
		599966552A88118000C8C6D4 /* Kod_ile_Segue_Gec_is_iUITestsLaunchTests.swift in Sources */ = {isa = PBXBuildFile; fileRef = 599966542A88118000C8C6D4 /* Kod_ile_Segue_Gec_is_iUITestsLaunchTests.swift */; };
		599966622A8811F900C8C6D4 /* ViewController2.swift in Sources */ = {isa = PBXBuildFile; fileRef = 599966612A8811F900C8C6D4 /* ViewController2.swift */; };
		599966642A88165200C8C6D4 /* Kisiler.swift in Sources */ = {isa = PBXBuildFile; fileRef = 599966632A88165100C8C6D4 /* Kisiler.swift */; };
/* End PBXBuildFile section */

/* Begin PBXContainerItemProxy section */
		599966452A88118000C8C6D4 /* PBXContainerItemProxy */ = {
			isa = PBXContainerItemProxy;
			containerPortal = 599966262A88117F00C8C6D4 /* Project object */;
			proxyType = 1;
			remoteGlobalIDString = 5999662D2A88117F00C8C6D4;
			remoteInfo = "Kod ile Segue Geçişi";
		};
		5999664F2A88118000C8C6D4 /* PBXContainerItemProxy */ = {
			isa = PBXContainerItemProxy;
			containerPortal = 599966262A88117F00C8C6D4 /* Project object */;
			proxyType = 1;
			remoteGlobalIDString = 5999662D2A88117F00C8C6D4;
			remoteInfo = "Kod ile Segue Geçişi";
		};
/* End PBXContainerItemProxy section */

/* Begin PBXFileReference section */
		5999662E2A88117F00C8C6D4 /* Kod ile Segue Geçişi.app */ = {isa = PBXFileReference; explicitFileType = wrapper.application; includeInIndex = 0; path = "Kod ile Segue Geçişi.app"; sourceTree = BUILT_PRODUCTS_DIR; };
		599966312A88117F00C8C6D4 /* AppDelegate.swift */ = {isa = PBXFileReference; lastKnownFileType = sourcecode.swift; path = AppDelegate.swift; sourceTree = "<group>"; };
		599966332A88117F00C8C6D4 /* SceneDelegate.swift */ = {isa = PBXFileReference; lastKnownFileType = sourcecode.swift; path = SceneDelegate.swift; sourceTree = "<group>"; };
		599966352A88117F00C8C6D4 /* ViewController.swift */ = {isa = PBXFileReference; lastKnownFileType = sourcecode.swift; path = ViewController.swift; sourceTree = "<group>"; };
		599966382A88117F00C8C6D4 /* Base */ = {isa = PBXFileReference; lastKnownFileType = file.storyboard; name = Base; path = Base.lproj/Main.storyboard; sourceTree = "<group>"; };
		5999663A2A88118000C8C6D4 /* Assets.xcassets */ = {isa = PBXFileReference; lastKnownFileType = folder.assetcatalog; path = Assets.xcassets; sourceTree = "<group>"; };
		5999663D2A88118000C8C6D4 /* Base */ = {isa = PBXFileReference; lastKnownFileType = file.storyboard; name = Base; path = Base.lproj/LaunchScreen.storyboard; sourceTree = "<group>"; };
		5999663F2A88118000C8C6D4 /* Info.plist */ = {isa = PBXFileReference; lastKnownFileType = text.plist.xml; path = Info.plist; sourceTree = "<group>"; };
		599966442A88118000C8C6D4 /* Kod ile Segue GeçişiTests.xctest */ = {isa = PBXFileReference; explicitFileType = wrapper.cfbundle; includeInIndex = 0; path = "Kod ile Segue GeçişiTests.xctest"; sourceTree = BUILT_PRODUCTS_DIR; };
		599966482A88118000C8C6D4 /* Kod_ile_Segue_Gec_is_iTests.swift */ = {isa = PBXFileReference; lastKnownFileType = sourcecode.swift; path = Kod_ile_Segue_Gec_is_iTests.swift; sourceTree = "<group>"; };
		5999664E2A88118000C8C6D4 /* Kod ile Segue GeçişiUITests.xctest */ = {isa = PBXFileReference; explicitFileType = wrapper.cfbundle; includeInIndex = 0; path = "Kod ile Segue GeçişiUITests.xctest"; sourceTree = BUILT_PRODUCTS_DIR; };
		599966522A88118000C8C6D4 /* Kod_ile_Segue_Gec_is_iUITests.swift */ = {isa = PBXFileReference; lastKnownFileType = sourcecode.swift; path = Kod_ile_Segue_Gec_is_iUITests.swift; sourceTree = "<group>"; };
		599966542A88118000C8C6D4 /* Kod_ile_Segue_Gec_is_iUITestsLaunchTests.swift */ = {isa = PBXFileReference; lastKnownFileType = sourcecode.swift; path = Kod_ile_Segue_Gec_is_iUITestsLaunchTests.swift; sourceTree = "<group>"; };
		599966612A8811F900C8C6D4 /* ViewController2.swift */ = {isa = PBXFileReference; lastKnownFileType = sourcecode.swift; path = ViewController2.swift; sourceTree = "<group>"; };
		599966632A88165100C8C6D4 /* Kisiler.swift */ = {isa = PBXFileReference; lastKnownFileType = sourcecode.swift; path = Kisiler.swift; sourceTree = "<group>"; };
/* End PBXFileReference section */

/* Begin PBXFrameworksBuildPhase section */
		5999662B2A88117F00C8C6D4 /* Frameworks */ = {
			isa = PBXFrameworksBuildPhase;
			buildActionMask = 2147483647;
			files = (
			);
			runOnlyForDeploymentPostprocessing = 0;
		};
		599966412A88118000C8C6D4 /* Frameworks */ = {
			isa = PBXFrameworksBuildPhase;
			buildActionMask = 2147483647;
			files = (
			);
			runOnlyForDeploymentPostprocessing = 0;
		};
		5999664B2A88118000C8C6D4 /* Frameworks */ = {
			isa = PBXFrameworksBuildPhase;
			buildActionMask = 2147483647;
			files = (
			);
			runOnlyForDeploymentPostprocessing = 0;
		};
/* End PBXFrameworksBuildPhase section */

/* Begin PBXGroup section */
		599966252A88117F00C8C6D4 = {
			isa = PBXGroup;
			children = (
				599966302A88117F00C8C6D4 /* Kod ile Segue Geçişi */,
				599966472A88118000C8C6D4 /* Kod ile Segue GeçişiTests */,
				599966512A88118000C8C6D4 /* Kod ile Segue GeçişiUITests */,
				5999662F2A88117F00C8C6D4 /* Products */,
			);
			sourceTree = "<group>";
		};
		5999662F2A88117F00C8C6D4 /* Products */ = {
			isa = PBXGroup;
			children = (
				5999662E2A88117F00C8C6D4 /* Kod ile Segue Geçişi.app */,
				599966442A88118000C8C6D4 /* Kod ile Segue GeçişiTests.xctest */,
				5999664E2A88118000C8C6D4 /* Kod ile Segue GeçişiUITests.xctest */,
			);
			name = Products;
			sourceTree = "<group>";
		};
		599966302A88117F00C8C6D4 /* Kod ile Segue Geçişi */ = {
			isa = PBXGroup;
			children = (
				599966312A88117F00C8C6D4 /* AppDelegate.swift */,
				599966332A88117F00C8C6D4 /* SceneDelegate.swift */,
				599966352A88117F00C8C6D4 /* ViewController.swift */,
				599966612A8811F900C8C6D4 /* ViewController2.swift */,
				599966372A88117F00C8C6D4 /* Main.storyboard */,
				5999663A2A88118000C8C6D4 /* Assets.xcassets */,
				5999663C2A88118000C8C6D4 /* LaunchScreen.storyboard */,
				5999663F2A88118000C8C6D4 /* Info.plist */,
				599966632A88165100C8C6D4 /* Kisiler.swift */,
			);
			path = "Kod ile Segue Geçişi";
			sourceTree = "<group>";
		};
		599966472A88118000C8C6D4 /* Kod ile Segue GeçişiTests */ = {
			isa = PBXGroup;
			children = (
				599966482A88118000C8C6D4 /* Kod_ile_Segue_Gec_is_iTests.swift */,
			);
			path = "Kod ile Segue GeçişiTests";
			sourceTree = "<group>";
		};
		599966512A88118000C8C6D4 /* Kod ile Segue GeçişiUITests */ = {
			isa = PBXGroup;
			children = (
				599966522A88118000C8C6D4 /* Kod_ile_Segue_Gec_is_iUITests.swift */,
				599966542A88118000C8C6D4 /* Kod_ile_Segue_Gec_is_iUITestsLaunchTests.swift */,
			);
			path = "Kod ile Segue GeçişiUITests";
			sourceTree = "<group>";
		};
/* End PBXGroup section */

/* Begin PBXNativeTarget section */
		5999662D2A88117F00C8C6D4 /* Kod ile Segue Geçişi */ = {
			isa = PBXNativeTarget;
			buildConfigurationList = 599966582A88118000C8C6D4 /* Build configuration list for PBXNativeTarget "Kod ile Segue Geçişi" */;
			buildPhases = (
				5999662A2A88117F00C8C6D4 /* Sources */,
				5999662B2A88117F00C8C6D4 /* Frameworks */,
				5999662C2A88117F00C8C6D4 /* Resources */,
			);
			buildRules = (
			);
			dependencies = (
			);
			name = "Kod ile Segue Geçişi";
			productName = "Kod ile Segue Geçişi";
			productReference = 5999662E2A88117F00C8C6D4 /* Kod ile Segue Geçişi.app */;
			productType = "com.apple.product-type.application";
		};
		599966432A88118000C8C6D4 /* Kod ile Segue GeçişiTests */ = {
			isa = PBXNativeTarget;
			buildConfigurationList = 5999665B2A88118000C8C6D4 /* Build configuration list for PBXNativeTarget "Kod ile Segue GeçişiTests" */;
			buildPhases = (
				599966402A88118000C8C6D4 /* Sources */,
				599966412A88118000C8C6D4 /* Frameworks */,
				599966422A88118000C8C6D4 /* Resources */,
			);
			buildRules = (
			);
			dependencies = (
				599966462A88118000C8C6D4 /* PBXTargetDependency */,
			);
			name = "Kod ile Segue GeçişiTests";
			productName = "Kod ile Segue GeçişiTests";
			productReference = 599966442A88118000C8C6D4 /* Kod ile Segue GeçişiTests.xctest */;
			productType = "com.apple.product-type.bundle.unit-test";
		};
		5999664D2A88118000C8C6D4 /* Kod ile Segue GeçişiUITests */ = {
			isa = PBXNativeTarget;
			buildConfigurationList = 5999665E2A88118000C8C6D4 /* Build configuration list for PBXNativeTarget "Kod ile Segue GeçişiUITests" */;
			buildPhases = (
				5999664A2A88118000C8C6D4 /* Sources */,
				5999664B2A88118000C8C6D4 /* Frameworks */,
				5999664C2A88118000C8C6D4 /* Resources */,
			);
			buildRules = (
			);
			dependencies = (
				599966502A88118000C8C6D4 /* PBXTargetDependency */,
			);
			name = "Kod ile Segue GeçişiUITests";
			productName = "Kod ile Segue GeçişiUITests";
			productReference = 5999664E2A88118000C8C6D4 /* Kod ile Segue GeçişiUITests.xctest */;
			productType = "com.apple.product-type.bundle.ui-testing";
		};
/* End PBXNativeTarget section */

/* Begin PBXProject section */
		599966262A88117F00C8C6D4 /* Project object */ = {
			isa = PBXProject;
			attributes = {
				BuildIndependentTargetsInParallel = 1;
				LastSwiftUpdateCheck = 1430;
				LastUpgradeCheck = 1430;
				TargetAttributes = {
					5999662D2A88117F00C8C6D4 = {
						CreatedOnToolsVersion = 14.3;
					};
					599966432A88118000C8C6D4 = {
						CreatedOnToolsVersion = 14.3;
						TestTargetID = 5999662D2A88117F00C8C6D4;
					};
					5999664D2A88118000C8C6D4 = {
						CreatedOnToolsVersion = 14.3;
						TestTargetID = 5999662D2A88117F00C8C6D4;
					};
				};
			};
			buildConfigurationList = 599966292A88117F00C8C6D4 /* Build configuration list for PBXProject "Kod ile Segue Geçişi" */;
			compatibilityVersion = "Xcode 14.0";
			developmentRegion = en;
			hasScannedForEncodings = 0;
			knownRegions = (
				en,
				Base,
			);
			mainGroup = 599966252A88117F00C8C6D4;
			productRefGroup = 5999662F2A88117F00C8C6D4 /* Products */;
			projectDirPath = "";
			projectRoot = "";
			targets = (
				5999662D2A88117F00C8C6D4 /* Kod ile Segue Geçişi */,
				599966432A88118000C8C6D4 /* Kod ile Segue GeçişiTests */,
				5999664D2A88118000C8C6D4 /* Kod ile Segue GeçişiUITests */,
			);
		};
/* End PBXProject section */

/* Begin PBXResourcesBuildPhase section */
		5999662C2A88117F00C8C6D4 /* Resources */ = {
			isa = PBXResourcesBuildPhase;
			buildActionMask = 2147483647;
			files = (
				5999663E2A88118000C8C6D4 /* LaunchScreen.storyboard in Resources */,
				5999663B2A88118000C8C6D4 /* Assets.xcassets in Resources */,
				599966392A88117F00C8C6D4 /* Main.storyboard in Resources */,
			);
			runOnlyForDeploymentPostprocessing = 0;
		};
		599966422A88118000C8C6D4 /* Resources */ = {
			isa = PBXResourcesBuildPhase;
			buildActionMask = 2147483647;
			files = (
			);
			runOnlyForDeploymentPostprocessing = 0;
		};
		5999664C2A88118000C8C6D4 /* Resources */ = {
			isa = PBXResourcesBuildPhase;
			buildActionMask = 2147483647;
			files = (
			);
			runOnlyForDeploymentPostprocessing = 0;
		};
/* End PBXResourcesBuildPhase section */

/* Begin PBXSourcesBuildPhase section */
		5999662A2A88117F00C8C6D4 /* Sources */ = {
			isa = PBXSourcesBuildPhase;
			buildActionMask = 2147483647;
			files = (
				599966362A88117F00C8C6D4 /* ViewController.swift in Sources */,
				599966622A8811F900C8C6D4 /* ViewController2.swift in Sources */,
				599966322A88117F00C8C6D4 /* AppDelegate.swift in Sources */,
				599966342A88117F00C8C6D4 /* SceneDelegate.swift in Sources */,
				599966642A88165200C8C6D4 /* Kisiler.swift in Sources */,
			);
			runOnlyForDeploymentPostprocessing = 0;
		};
		599966402A88118000C8C6D4 /* Sources */ = {
			isa = PBXSourcesBuildPhase;
			buildActionMask = 2147483647;
			files = (
				599966492A88118000C8C6D4 /* Kod_ile_Segue_Gec_is_iTests.swift in Sources */,
			);
			runOnlyForDeploymentPostprocessing = 0;
		};
		5999664A2A88118000C8C6D4 /* Sources */ = {
			isa = PBXSourcesBuildPhase;
			buildActionMask = 2147483647;
			files = (
				599966552A88118000C8C6D4 /* Kod_ile_Segue_Gec_is_iUITestsLaunchTests.swift in Sources */,
				599966532A88118000C8C6D4 /* Kod_ile_Segue_Gec_is_iUITests.swift in Sources */,
			);
			runOnlyForDeploymentPostprocessing = 0;
		};
/* End PBXSourcesBuildPhase section */

/* Begin PBXTargetDependency section */
		599966462A88118000C8C6D4 /* PBXTargetDependency */ = {
			isa = PBXTargetDependency;
			target = 5999662D2A88117F00C8C6D4 /* Kod ile Segue Geçişi */;
			targetProxy = 599966452A88118000C8C6D4 /* PBXContainerItemProxy */;
		};
		599966502A88118000C8C6D4 /* PBXTargetDependency */ = {
			isa = PBXTargetDependency;
			target = 5999662D2A88117F00C8C6D4 /* Kod ile Segue Geçişi */;
			targetProxy = 5999664F2A88118000C8C6D4 /* PBXContainerItemProxy */;
		};
/* End PBXTargetDependency section */

/* Begin PBXVariantGroup section */
		599966372A88117F00C8C6D4 /* Main.storyboard */ = {
			isa = PBXVariantGroup;
			children = (
				599966382A88117F00C8C6D4 /* Base */,
			);
			name = Main.storyboard;
			sourceTree = "<group>";
		};
		5999663C2A88118000C8C6D4 /* LaunchScreen.storyboard */ = {
			isa = PBXVariantGroup;
			children = (
				5999663D2A88118000C8C6D4 /* Base */,
			);
			name = LaunchScreen.storyboard;
			sourceTree = "<group>";
		};
/* End PBXVariantGroup section */

/* Begin XCBuildConfiguration section */
		599966562A88118000C8C6D4 /* Debug */ = {
			isa = XCBuildConfiguration;
			buildSettings = {
				ALWAYS_SEARCH_USER_PATHS = NO;
				CLANG_ANALYZER_NONNULL = YES;
				CLANG_ANALYZER_NUMBER_OBJECT_CONVERSION = YES_AGGRESSIVE;
				CLANG_CXX_LANGUAGE_STANDARD = "gnu++20";
				CLANG_ENABLE_MODULES = YES;
				CLANG_ENABLE_OBJC_ARC = YES;
				CLANG_ENABLE_OBJC_WEAK = YES;
				CLANG_WARN_BLOCK_CAPTURE_AUTORELEASING = YES;
				CLANG_WARN_BOOL_CONVERSION = YES;
				CLANG_WARN_COMMA = YES;
				CLANG_WARN_CONSTANT_CONVERSION = YES;
				CLANG_WARN_DEPRECATED_OBJC_IMPLEMENTATIONS = YES;
				CLANG_WARN_DIRECT_OBJC_ISA_USAGE = YES_ERROR;
				CLANG_WARN_DOCUMENTATION_COMMENTS = YES;
				CLANG_WARN_EMPTY_BODY = YES;
				CLANG_WARN_ENUM_CONVERSION = YES;
				CLANG_WARN_INFINITE_RECURSION = YES;
				CLANG_WARN_INT_CONVERSION = YES;
				CLANG_WARN_NON_LITERAL_NULL_CONVERSION = YES;
				CLANG_WARN_OBJC_IMPLICIT_RETAIN_SELF = YES;
				CLANG_WARN_OBJC_LITERAL_CONVERSION = YES;
				CLANG_WARN_OBJC_ROOT_CLASS = YES_ERROR;
				CLANG_WARN_QUOTED_INCLUDE_IN_FRAMEWORK_HEADER = YES;
				CLANG_WARN_RANGE_LOOP_ANALYSIS = YES;
				CLANG_WARN_STRICT_PROTOTYPES = YES;
				CLANG_WARN_SUSPICIOUS_MOVE = YES;
				CLANG_WARN_UNGUARDED_AVAILABILITY = YES_AGGRESSIVE;
				CLANG_WARN_UNREACHABLE_CODE = YES;
				CLANG_WARN__DUPLICATE_METHOD_MATCH = YES;
				COPY_PHASE_STRIP = NO;
				DEBUG_INFORMATION_FORMAT = dwarf;
				ENABLE_STRICT_OBJC_MSGSEND = YES;
				ENABLE_TESTABILITY = YES;
				GCC_C_LANGUAGE_STANDARD = gnu11;
				GCC_DYNAMIC_NO_PIC = NO;
				GCC_NO_COMMON_BLOCKS = YES;
				GCC_OPTIMIZATION_LEVEL = 0;
				GCC_PREPROCESSOR_DEFINITIONS = (
					"DEBUG=1",
					"$(inherited)",
				);
				GCC_WARN_64_TO_32_BIT_CONVERSION = YES;
				GCC_WARN_ABOUT_RETURN_TYPE = YES_ERROR;
				GCC_WARN_UNDECLARED_SELECTOR = YES;
				GCC_WARN_UNINITIALIZED_AUTOS = YES_AGGRESSIVE;
				GCC_WARN_UNUSED_FUNCTION = YES;
				GCC_WARN_UNUSED_VARIABLE = YES;
				IPHONEOS_DEPLOYMENT_TARGET = 16.4;
				MTL_ENABLE_DEBUG_INFO = INCLUDE_SOURCE;
				MTL_FAST_MATH = YES;
				ONLY_ACTIVE_ARCH = YES;
				SDKROOT = iphoneos;
				SWIFT_ACTIVE_COMPILATION_CONDITIONS = DEBUG;
				SWIFT_OPTIMIZATION_LEVEL = "-Onone";
			};
			name = Debug;
		};
		599966572A88118000C8C6D4 /* Release */ = {
			isa = XCBuildConfiguration;
			buildSettings = {
				ALWAYS_SEARCH_USER_PATHS = NO;
				CLANG_ANALYZER_NONNULL = YES;
				CLANG_ANALYZER_NUMBER_OBJECT_CONVERSION = YES_AGGRESSIVE;
				CLANG_CXX_LANGUAGE_STANDARD = "gnu++20";
				CLANG_ENABLE_MODULES = YES;
				CLANG_ENABLE_OBJC_ARC = YES;
				CLANG_ENABLE_OBJC_WEAK = YES;
				CLANG_WARN_BLOCK_CAPTURE_AUTORELEASING = YES;
				CLANG_WARN_BOOL_CONVERSION = YES;
				CLANG_WARN_COMMA = YES;
				CLANG_WARN_CONSTANT_CONVERSION = YES;
				CLANG_WARN_DEPRECATED_OBJC_IMPLEMENTATIONS = YES;
				CLANG_WARN_DIRECT_OBJC_ISA_USAGE = YES_ERROR;
				CLANG_WARN_DOCUMENTATION_COMMENTS = YES;
				CLANG_WARN_EMPTY_BODY = YES;
				CLANG_WARN_ENUM_CONVERSION = YES;
				CLANG_WARN_INFINITE_RECURSION = YES;
				CLANG_WARN_INT_CONVERSION = YES;
				CLANG_WARN_NON_LITERAL_NULL_CONVERSION = YES;
				CLANG_WARN_OBJC_IMPLICIT_RETAIN_SELF = YES;
				CLANG_WARN_OBJC_LITERAL_CONVERSION = YES;
				CLANG_WARN_OBJC_ROOT_CLASS = YES_ERROR;
				CLANG_WARN_QUOTED_INCLUDE_IN_FRAMEWORK_HEADER = YES;
				CLANG_WARN_RANGE_LOOP_ANALYSIS = YES;
				CLANG_WARN_STRICT_PROTOTYPES = YES;
				CLANG_WARN_SUSPICIOUS_MOVE = YES;
				CLANG_WARN_UNGUARDED_AVAILABILITY = YES_AGGRESSIVE;
				CLANG_WARN_UNREACHABLE_CODE = YES;
				CLANG_WARN__DUPLICATE_METHOD_MATCH = YES;
				COPY_PHASE_STRIP = NO;
				DEBUG_INFORMATION_FORMAT = "dwarf-with-dsym";
				ENABLE_NS_ASSERTIONS = NO;
				ENABLE_STRICT_OBJC_MSGSEND = YES;
				GCC_C_LANGUAGE_STANDARD = gnu11;
				GCC_NO_COMMON_BLOCKS = YES;
				GCC_WARN_64_TO_32_BIT_CONVERSION = YES;
				GCC_WARN_ABOUT_RETURN_TYPE = YES_ERROR;
				GCC_WARN_UNDECLARED_SELECTOR = YES;
				GCC_WARN_UNINITIALIZED_AUTOS = YES_AGGRESSIVE;
				GCC_WARN_UNUSED_FUNCTION = YES;
				GCC_WARN_UNUSED_VARIABLE = YES;
				IPHONEOS_DEPLOYMENT_TARGET = 16.4;
				MTL_ENABLE_DEBUG_INFO = NO;
				MTL_FAST_MATH = YES;
				SDKROOT = iphoneos;
				SWIFT_COMPILATION_MODE = wholemodule;
				SWIFT_OPTIMIZATION_LEVEL = "-O";
				VALIDATE_PRODUCT = YES;
			};
			name = Release;
		};
		599966592A88118000C8C6D4 /* Debug */ = {
			isa = XCBuildConfiguration;
			buildSettings = {
				ASSETCATALOG_COMPILER_APPICON_NAME = AppIcon;
				ASSETCATALOG_COMPILER_GLOBAL_ACCENT_COLOR_NAME = AccentColor;
				CODE_SIGN_STYLE = Automatic;
				CURRENT_PROJECT_VERSION = 1;
				GENERATE_INFOPLIST_FILE = YES;
				INFOPLIST_FILE = "Kod ile Segue Geçişi/Info.plist";
				INFOPLIST_KEY_UIApplicationSupportsIndirectInputEvents = YES;
				INFOPLIST_KEY_UILaunchStoryboardName = LaunchScreen;
				INFOPLIST_KEY_UIMainStoryboardFile = Main;
				INFOPLIST_KEY_UISupportedInterfaceOrientations_iPad = "UIInterfaceOrientationPortrait UIInterfaceOrientationPortraitUpsideDown UIInterfaceOrientationLandscapeLeft UIInterfaceOrientationLandscapeRight";
				INFOPLIST_KEY_UISupportedInterfaceOrientations_iPhone = "UIInterfaceOrientationPortrait UIInterfaceOrientationLandscapeLeft UIInterfaceOrientationLandscapeRight";
				LD_RUNPATH_SEARCH_PATHS = (
					"$(inherited)",
					"@executable_path/Frameworks",
				);
				MARKETING_VERSION = 1.0;
				PRODUCT_BUNDLE_IDENTIFIER = "BRK.Kod-ile-Segue-Gec-is-i";
				PRODUCT_NAME = "$(TARGET_NAME)";
				SWIFT_EMIT_LOC_STRINGS = YES;
				SWIFT_VERSION = 5.0;
				TARGETED_DEVICE_FAMILY = "1,2";
			};
			name = Debug;
		};
		5999665A2A88118000C8C6D4 /* Release */ = {
			isa = XCBuildConfiguration;
			buildSettings = {
				ASSETCATALOG_COMPILER_APPICON_NAME = AppIcon;
				ASSETCATALOG_COMPILER_GLOBAL_ACCENT_COLOR_NAME = AccentColor;
				CODE_SIGN_STYLE = Automatic;
				CURRENT_PROJECT_VERSION = 1;
				GENERATE_INFOPLIST_FILE = YES;
				INFOPLIST_FILE = "Kod ile Segue Geçişi/Info.plist";
				INFOPLIST_KEY_UIApplicationSupportsIndirectInputEvents = YES;
				INFOPLIST_KEY_UILaunchStoryboardName = LaunchScreen;
				INFOPLIST_KEY_UIMainStoryboardFile = Main;
				INFOPLIST_KEY_UISupportedInterfaceOrientations_iPad = "UIInterfaceOrientationPortrait UIInterfaceOrientationPortraitUpsideDown UIInterfaceOrientationLandscapeLeft UIInterfaceOrientationLandscapeRight";
				INFOPLIST_KEY_UISupportedInterfaceOrientations_iPhone = "UIInterfaceOrientationPortrait UIInterfaceOrientationLandscapeLeft UIInterfaceOrientationLandscapeRight";
				LD_RUNPATH_SEARCH_PATHS = (
					"$(inherited)",
					"@executable_path/Frameworks",
				);
				MARKETING_VERSION = 1.0;
				PRODUCT_BUNDLE_IDENTIFIER = "BRK.Kod-ile-Segue-Gec-is-i";
				PRODUCT_NAME = "$(TARGET_NAME)";
				SWIFT_EMIT_LOC_STRINGS = YES;
				SWIFT_VERSION = 5.0;
				TARGETED_DEVICE_FAMILY = "1,2";
			};
			name = Release;
		};
		5999665C2A88118000C8C6D4 /* Debug */ = {
			isa = XCBuildConfiguration;
			buildSettings = {
				ALWAYS_EMBED_SWIFT_STANDARD_LIBRARIES = YES;
				BUNDLE_LOADER = "$(TEST_HOST)";
				CODE_SIGN_STYLE = Automatic;
				CURRENT_PROJECT_VERSION = 1;
				GENERATE_INFOPLIST_FILE = YES;
				IPHONEOS_DEPLOYMENT_TARGET = 16.4;
				MARKETING_VERSION = 1.0;
				PRODUCT_BUNDLE_IDENTIFIER = "BRK.Kod-ile-Segue-Gec-is-iTests";
				PRODUCT_NAME = "$(TARGET_NAME)";
				SWIFT_EMIT_LOC_STRINGS = NO;
				SWIFT_VERSION = 5.0;
				TARGETED_DEVICE_FAMILY = "1,2";
				TEST_HOST = "$(BUILT_PRODUCTS_DIR)/Kod ile Segue Geçişi.app/$(BUNDLE_EXECUTABLE_FOLDER_PATH)/Kod ile Segue Geçişi";
			};
			name = Debug;
		};
		5999665D2A88118000C8C6D4 /* Release */ = {
			isa = XCBuildConfiguration;
			buildSettings = {
				ALWAYS_EMBED_SWIFT_STANDARD_LIBRARIES = YES;
				BUNDLE_LOADER = "$(TEST_HOST)";
				CODE_SIGN_STYLE = Automatic;
				CURRENT_PROJECT_VERSION = 1;
				GENERATE_INFOPLIST_FILE = YES;
				IPHONEOS_DEPLOYMENT_TARGET = 16.4;
				MARKETING_VERSION = 1.0;
				PRODUCT_BUNDLE_IDENTIFIER = "BRK.Kod-ile-Segue-Gec-is-iTests";
				PRODUCT_NAME = "$(TARGET_NAME)";
				SWIFT_EMIT_LOC_STRINGS = NO;
				SWIFT_VERSION = 5.0;
				TARGETED_DEVICE_FAMILY = "1,2";
				TEST_HOST = "$(BUILT_PRODUCTS_DIR)/Kod ile Segue Geçişi.app/$(BUNDLE_EXECUTABLE_FOLDER_PATH)/Kod ile Segue Geçişi";
			};
			name = Release;
		};
		5999665F2A88118000C8C6D4 /* Debug */ = {
			isa = XCBuildConfiguration;
			buildSettings = {
				ALWAYS_EMBED_SWIFT_STANDARD_LIBRARIES = YES;
				CODE_SIGN_STYLE = Automatic;
				CURRENT_PROJECT_VERSION = 1;
				GENERATE_INFOPLIST_FILE = YES;
				MARKETING_VERSION = 1.0;
				PRODUCT_BUNDLE_IDENTIFIER = "BRK.Kod-ile-Segue-Gec-is-iUITests";
				PRODUCT_NAME = "$(TARGET_NAME)";
				SWIFT_EMIT_LOC_STRINGS = NO;
				SWIFT_VERSION = 5.0;
				TARGETED_DEVICE_FAMILY = "1,2";
				TEST_TARGET_NAME = "Kod ile Segue Geçişi";
			};
			name = Debug;
		};
		599966602A88118000C8C6D4 /* Release */ = {
			isa = XCBuildConfiguration;
			buildSettings = {
				ALWAYS_EMBED_SWIFT_STANDARD_LIBRARIES = YES;
				CODE_SIGN_STYLE = Automatic;
				CURRENT_PROJECT_VERSION = 1;
				GENERATE_INFOPLIST_FILE = YES;
				MARKETING_VERSION = 1.0;
				PRODUCT_BUNDLE_IDENTIFIER = "BRK.Kod-ile-Segue-Gec-is-iUITests";
				PRODUCT_NAME = "$(TARGET_NAME)";
				SWIFT_EMIT_LOC_STRINGS = NO;
				SWIFT_VERSION = 5.0;
				TARGETED_DEVICE_FAMILY = "1,2";
				TEST_TARGET_NAME = "Kod ile Segue Geçişi";
			};
			name = Release;
		};
/* End XCBuildConfiguration section */

/* Begin XCConfigurationList section */
		599966292A88117F00C8C6D4 /* Build configuration list for PBXProject "Kod ile Segue Geçişi" */ = {
			isa = XCConfigurationList;
			buildConfigurations = (
				599966562A88118000C8C6D4 /* Debug */,
				599966572A88118000C8C6D4 /* Release */,
			);
			defaultConfigurationIsVisible = 0;
			defaultConfigurationName = Release;
		};
		599966582A88118000C8C6D4 /* Build configuration list for PBXNativeTarget "Kod ile Segue Geçişi" */ = {
			isa = XCConfigurationList;
			buildConfigurations = (
				599966592A88118000C8C6D4 /* Debug */,
				5999665A2A88118000C8C6D4 /* Release */,
			);
			defaultConfigurationIsVisible = 0;
			defaultConfigurationName = Release;
		};
		5999665B2A88118000C8C6D4 /* Build configuration list for PBXNativeTarget "Kod ile Segue GeçişiTests" */ = {
			isa = XCConfigurationList;
			buildConfigurations = (
				5999665C2A88118000C8C6D4 /* Debug */,
				5999665D2A88118000C8C6D4 /* Release */,
			);
			defaultConfigurationIsVisible = 0;
			defaultConfigurationName = Release;
		};
		5999665E2A88118000C8C6D4 /* Build configuration list for PBXNativeTarget "Kod ile Segue GeçişiUITests" */ = {
			isa = XCConfigurationList;
			buildConfigurations = (
				5999665F2A88118000C8C6D4 /* Debug */,
				599966602A88118000C8C6D4 /* Release */,
			);
			defaultConfigurationIsVisible = 0;
			defaultConfigurationName = Release;
		};
/* End XCConfigurationList section */
	};
	rootObject = 599966262A88117F00C8C6D4 /* Project object */;
}
