// !$*UTF8*$!
{
	archiveVersion = 1;
	classes = {
	};
	objectVersion = 56;
	objects = {

/* Begin PBXBuildFile section */
		59218C3B2A921B4800785D16 /* AppDelegate.swift in Sources */ = {isa = PBXBuildFile; fileRef = 59218C3A2A921B4800785D16 /* AppDelegate.swift */; };
		59218C3D2A921B4800785D16 /* SceneDelegate.swift in Sources */ = {isa = PBXBuildFile; fileRef = 59218C3C2A921B4800785D16 /* SceneDelegate.swift */; };
		59218C3F2A921B4800785D16 /* ViewController.swift in Sources */ = {isa = PBXBuildFile; fileRef = 59218C3E2A921B4800785D16 /* ViewController.swift */; };
		59218C422A921B4800785D16 /* Main.storyboard in Resources */ = {isa = PBXBuildFile; fileRef = 59218C402A921B4800785D16 /* Main.storyboard */; };
		59218C442A921B4900785D16 /* Assets.xcassets in Resources */ = {isa = PBXBuildFile; fileRef = 59218C432A921B4900785D16 /* Assets.xcassets */; };
		59218C472A921B4900785D16 /* LaunchScreen.storyboard in Resources */ = {isa = PBXBuildFile; fileRef = 59218C452A921B4900785D16 /* LaunchScreen.storyboard */; };
		59218C522A921B4900785D16 /* ImageViewTests.swift in Sources */ = {isa = PBXBuildFile; fileRef = 59218C512A921B4900785D16 /* ImageViewTests.swift */; };
		59218C5C2A921B4900785D16 /* ImageViewUITests.swift in Sources */ = {isa = PBXBuildFile; fileRef = 59218C5B2A921B4900785D16 /* ImageViewUITests.swift */; };
		59218C5E2A921B4900785D16 /* ImageViewUITestsLaunchTests.swift in Sources */ = {isa = PBXBuildFile; fileRef = 59218C5D2A921B4900785D16 /* ImageViewUITestsLaunchTests.swift */; };
/* End PBXBuildFile section */

/* Begin PBXContainerItemProxy section */
		59218C4E2A921B4900785D16 /* PBXContainerItemProxy */ = {
			isa = PBXContainerItemProxy;
			containerPortal = 59218C2F2A921B4800785D16 /* Project object */;
			proxyType = 1;
			remoteGlobalIDString = 59218C362A921B4800785D16;
			remoteInfo = ImageView;
		};
		59218C582A921B4900785D16 /* PBXContainerItemProxy */ = {
			isa = PBXContainerItemProxy;
			containerPortal = 59218C2F2A921B4800785D16 /* Project object */;
			proxyType = 1;
			remoteGlobalIDString = 59218C362A921B4800785D16;
			remoteInfo = ImageView;
		};
/* End PBXContainerItemProxy section */

/* Begin PBXFileReference section */
		59218C372A921B4800785D16 /* ImageView.app */ = {isa = PBXFileReference; explicitFileType = wrapper.application; includeInIndex = 0; path = ImageView.app; sourceTree = BUILT_PRODUCTS_DIR; };
		59218C3A2A921B4800785D16 /* AppDelegate.swift */ = {isa = PBXFileReference; lastKnownFileType = sourcecode.swift; path = AppDelegate.swift; sourceTree = "<group>"; };
		59218C3C2A921B4800785D16 /* SceneDelegate.swift */ = {isa = PBXFileReference; lastKnownFileType = sourcecode.swift; path = SceneDelegate.swift; sourceTree = "<group>"; };
		59218C3E2A921B4800785D16 /* ViewController.swift */ = {isa = PBXFileReference; lastKnownFileType = sourcecode.swift; path = ViewController.swift; sourceTree = "<group>"; };
		59218C412A921B4800785D16 /* Base */ = {isa = PBXFileReference; lastKnownFileType = file.storyboard; name = Base; path = Base.lproj/Main.storyboard; sourceTree = "<group>"; };
		59218C432A921B4900785D16 /* Assets.xcassets */ = {isa = PBXFileReference; lastKnownFileType = folder.assetcatalog; path = Assets.xcassets; sourceTree = "<group>"; };
		59218C462A921B4900785D16 /* Base */ = {isa = PBXFileReference; lastKnownFileType = file.storyboard; name = Base; path = Base.lproj/LaunchScreen.storyboard; sourceTree = "<group>"; };
		59218C482A921B4900785D16 /* Info.plist */ = {isa = PBXFileReference; lastKnownFileType = text.plist.xml; path = Info.plist; sourceTree = "<group>"; };
		59218C4D2A921B4900785D16 /* ImageViewTests.xctest */ = {isa = PBXFileReference; explicitFileType = wrapper.cfbundle; includeInIndex = 0; path = ImageViewTests.xctest; sourceTree = BUILT_PRODUCTS_DIR; };
		59218C512A921B4900785D16 /* ImageViewTests.swift */ = {isa = PBXFileReference; lastKnownFileType = sourcecode.swift; path = ImageViewTests.swift; sourceTree = "<group>"; };
		59218C572A921B4900785D16 /* ImageViewUITests.xctest */ = {isa = PBXFileReference; explicitFileType = wrapper.cfbundle; includeInIndex = 0; path = ImageViewUITests.xctest; sourceTree = BUILT_PRODUCTS_DIR; };
		59218C5B2A921B4900785D16 /* ImageViewUITests.swift */ = {isa = PBXFileReference; lastKnownFileType = sourcecode.swift; path = ImageViewUITests.swift; sourceTree = "<group>"; };
		59218C5D2A921B4900785D16 /* ImageViewUITestsLaunchTests.swift */ = {isa = PBXFileReference; lastKnownFileType = sourcecode.swift; path = ImageViewUITestsLaunchTests.swift; sourceTree = "<group>"; };
/* End PBXFileReference section */

/* Begin PBXFrameworksBuildPhase section */
		59218C342A921B4800785D16 /* Frameworks */ = {
			isa = PBXFrameworksBuildPhase;
			buildActionMask = 2147483647;
			files = (
			);
			runOnlyForDeploymentPostprocessing = 0;
		};
		59218C4A2A921B4900785D16 /* Frameworks */ = {
			isa = PBXFrameworksBuildPhase;
			buildActionMask = 2147483647;
			files = (
			);
			runOnlyForDeploymentPostprocessing = 0;
		};
		59218C542A921B4900785D16 /* Frameworks */ = {
			isa = PBXFrameworksBuildPhase;
			buildActionMask = 2147483647;
			files = (
			);
			runOnlyForDeploymentPostprocessing = 0;
		};
/* End PBXFrameworksBuildPhase section */

/* Begin PBXGroup section */
		59218C2E2A921B4800785D16 = {
			isa = PBXGroup;
			children = (
				59218C392A921B4800785D16 /* ImageView */,
				59218C502A921B4900785D16 /* ImageViewTests */,
				59218C5A2A921B4900785D16 /* ImageViewUITests */,
				59218C382A921B4800785D16 /* Products */,
			);
			sourceTree = "<group>";
		};
		59218C382A921B4800785D16 /* Products */ = {
			isa = PBXGroup;
			children = (
				59218C372A921B4800785D16 /* ImageView.app */,
				59218C4D2A921B4900785D16 /* ImageViewTests.xctest */,
				59218C572A921B4900785D16 /* ImageViewUITests.xctest */,
			);
			name = Products;
			sourceTree = "<group>";
		};
		59218C392A921B4800785D16 /* ImageView */ = {
			isa = PBXGroup;
			children = (
				59218C3A2A921B4800785D16 /* AppDelegate.swift */,
				59218C3C2A921B4800785D16 /* SceneDelegate.swift */,
				59218C3E2A921B4800785D16 /* ViewController.swift */,
				59218C402A921B4800785D16 /* Main.storyboard */,
				59218C432A921B4900785D16 /* Assets.xcassets */,
				59218C452A921B4900785D16 /* LaunchScreen.storyboard */,
				59218C482A921B4900785D16 /* Info.plist */,
			);
			path = ImageView;
			sourceTree = "<group>";
		};
		59218C502A921B4900785D16 /* ImageViewTests */ = {
			isa = PBXGroup;
			children = (
				59218C512A921B4900785D16 /* ImageViewTests.swift */,
			);
			path = ImageViewTests;
			sourceTree = "<group>";
		};
		59218C5A2A921B4900785D16 /* ImageViewUITests */ = {
			isa = PBXGroup;
			children = (
				59218C5B2A921B4900785D16 /* ImageViewUITests.swift */,
				59218C5D2A921B4900785D16 /* ImageViewUITestsLaunchTests.swift */,
			);
			path = ImageViewUITests;
			sourceTree = "<group>";
		};
/* End PBXGroup section */

/* Begin PBXNativeTarget section */
		59218C362A921B4800785D16 /* ImageView */ = {
			isa = PBXNativeTarget;
			buildConfigurationList = 59218C612A921B4900785D16 /* Build configuration list for PBXNativeTarget "ImageView" */;
			buildPhases = (
				59218C332A921B4800785D16 /* Sources */,
				59218C342A921B4800785D16 /* Frameworks */,
				59218C352A921B4800785D16 /* Resources */,
			);
			buildRules = (
			);
			dependencies = (
			);
			name = ImageView;
			productName = ImageView;
			productReference = 59218C372A921B4800785D16 /* ImageView.app */;
			productType = "com.apple.product-type.application";
		};
		59218C4C2A921B4900785D16 /* ImageViewTests */ = {
			isa = PBXNativeTarget;
			buildConfigurationList = 59218C642A921B4900785D16 /* Build configuration list for PBXNativeTarget "ImageViewTests" */;
			buildPhases = (
				59218C492A921B4900785D16 /* Sources */,
				59218C4A2A921B4900785D16 /* Frameworks */,
				59218C4B2A921B4900785D16 /* Resources */,
			);
			buildRules = (
			);
			dependencies = (
				59218C4F2A921B4900785D16 /* PBXTargetDependency */,
			);
			name = ImageViewTests;
			productName = ImageViewTests;
			productReference = 59218C4D2A921B4900785D16 /* ImageViewTests.xctest */;
			productType = "com.apple.product-type.bundle.unit-test";
		};
		59218C562A921B4900785D16 /* ImageViewUITests */ = {
			isa = PBXNativeTarget;
			buildConfigurationList = 59218C672A921B4900785D16 /* Build configuration list for PBXNativeTarget "ImageViewUITests" */;
			buildPhases = (
				59218C532A921B4900785D16 /* Sources */,
				59218C542A921B4900785D16 /* Frameworks */,
				59218C552A921B4900785D16 /* Resources */,
			);
			buildRules = (
			);
			dependencies = (
				59218C592A921B4900785D16 /* PBXTargetDependency */,
			);
			name = ImageViewUITests;
			productName = ImageViewUITests;
			productReference = 59218C572A921B4900785D16 /* ImageViewUITests.xctest */;
			productType = "com.apple.product-type.bundle.ui-testing";
		};
/* End PBXNativeTarget section */

/* Begin PBXProject section */
		59218C2F2A921B4800785D16 /* Project object */ = {
			isa = PBXProject;
			attributes = {
				BuildIndependentTargetsInParallel = 1;
				LastSwiftUpdateCheck = 1430;
				LastUpgradeCheck = 1430;
				TargetAttributes = {
					59218C362A921B4800785D16 = {
						CreatedOnToolsVersion = 14.3;
					};
					59218C4C2A921B4900785D16 = {
						CreatedOnToolsVersion = 14.3;
						TestTargetID = 59218C362A921B4800785D16;
					};
					59218C562A921B4900785D16 = {
						CreatedOnToolsVersion = 14.3;
						TestTargetID = 59218C362A921B4800785D16;
					};
				};
			};
			buildConfigurationList = 59218C322A921B4800785D16 /* Build configuration list for PBXProject "ImageView" */;
			compatibilityVersion = "Xcode 14.0";
			developmentRegion = en;
			hasScannedForEncodings = 0;
			knownRegions = (
				en,
				Base,
			);
			mainGroup = 59218C2E2A921B4800785D16;
			productRefGroup = 59218C382A921B4800785D16 /* Products */;
			projectDirPath = "";
			projectRoot = "";
			targets = (
				59218C362A921B4800785D16 /* ImageView */,
				59218C4C2A921B4900785D16 /* ImageViewTests */,
				59218C562A921B4900785D16 /* ImageViewUITests */,
			);
		};
/* End PBXProject section */

/* Begin PBXResourcesBuildPhase section */
		59218C352A921B4800785D16 /* Resources */ = {
			isa = PBXResourcesBuildPhase;
			buildActionMask = 2147483647;
			files = (
				59218C472A921B4900785D16 /* LaunchScreen.storyboard in Resources */,
				59218C442A921B4900785D16 /* Assets.xcassets in Resources */,
				59218C422A921B4800785D16 /* Main.storyboard in Resources */,
			);
			runOnlyForDeploymentPostprocessing = 0;
		};
		59218C4B2A921B4900785D16 /* Resources */ = {
			isa = PBXResourcesBuildPhase;
			buildActionMask = 2147483647;
			files = (
			);
			runOnlyForDeploymentPostprocessing = 0;
		};
		59218C552A921B4900785D16 /* Resources */ = {
			isa = PBXResourcesBuildPhase;
			buildActionMask = 2147483647;
			files = (
			);
			runOnlyForDeploymentPostprocessing = 0;
		};
/* End PBXResourcesBuildPhase section */

/* Begin PBXSourcesBuildPhase section */
		59218C332A921B4800785D16 /* Sources */ = {
			isa = PBXSourcesBuildPhase;
			buildActionMask = 2147483647;
			files = (
				59218C3F2A921B4800785D16 /* ViewController.swift in Sources */,
				59218C3B2A921B4800785D16 /* AppDelegate.swift in Sources */,
				59218C3D2A921B4800785D16 /* SceneDelegate.swift in Sources */,
			);
			runOnlyForDeploymentPostprocessing = 0;
		};
		59218C492A921B4900785D16 /* Sources */ = {
			isa = PBXSourcesBuildPhase;
			buildActionMask = 2147483647;
			files = (
				59218C522A921B4900785D16 /* ImageViewTests.swift in Sources */,
			);
			runOnlyForDeploymentPostprocessing = 0;
		};
		59218C532A921B4900785D16 /* Sources */ = {
			isa = PBXSourcesBuildPhase;
			buildActionMask = 2147483647;
			files = (
				59218C5C2A921B4900785D16 /* ImageViewUITests.swift in Sources */,
				59218C5E2A921B4900785D16 /* ImageViewUITestsLaunchTests.swift in Sources */,
			);
			runOnlyForDeploymentPostprocessing = 0;
		};
/* End PBXSourcesBuildPhase section */

/* Begin PBXTargetDependency section */
		59218C4F2A921B4900785D16 /* PBXTargetDependency */ = {
			isa = PBXTargetDependency;
			target = 59218C362A921B4800785D16 /* ImageView */;
			targetProxy = 59218C4E2A921B4900785D16 /* PBXContainerItemProxy */;
		};
		59218C592A921B4900785D16 /* PBXTargetDependency */ = {
			isa = PBXTargetDependency;
			target = 59218C362A921B4800785D16 /* ImageView */;
			targetProxy = 59218C582A921B4900785D16 /* PBXContainerItemProxy */;
		};
/* End PBXTargetDependency section */

/* Begin PBXVariantGroup section */
		59218C402A921B4800785D16 /* Main.storyboard */ = {
			isa = PBXVariantGroup;
			children = (
				59218C412A921B4800785D16 /* Base */,
			);
			name = Main.storyboard;
			sourceTree = "<group>";
		};
		59218C452A921B4900785D16 /* LaunchScreen.storyboard */ = {
			isa = PBXVariantGroup;
			children = (
				59218C462A921B4900785D16 /* Base */,
			);
			name = LaunchScreen.storyboard;
			sourceTree = "<group>";
		};
/* End PBXVariantGroup section */

/* Begin XCBuildConfiguration section */
		59218C5F2A921B4900785D16 /* Debug */ = {
			isa = XCBuildConfiguration;
			buildSettings = {
				ALWAYS_SEARCH_USER_PATHS = NO;
				CLANG_ANALYZER_NONNULL = YES;
				CLANG_ANALYZER_NUMBER_OBJECT_CONVERSION = YES_AGGRESSIVE;
				CLANG_CXX_LANGUAGE_STANDARD = "gnu++20";
				CLANG_ENABLE_MODULES = YES;
				CLANG_ENABLE_OBJC_ARC = YES;
				CLANG_ENABLE_OBJC_WEAK = YES;
				CLANG_WARN_BLOCK_CAPTURE_AUTORELEASING = YES;
				CLANG_WARN_BOOL_CONVERSION = YES;
				CLANG_WARN_COMMA = YES;
				CLANG_WARN_CONSTANT_CONVERSION = YES;
				CLANG_WARN_DEPRECATED_OBJC_IMPLEMENTATIONS = YES;
				CLANG_WARN_DIRECT_OBJC_ISA_USAGE = YES_ERROR;
				CLANG_WARN_DOCUMENTATION_COMMENTS = YES;
				CLANG_WARN_EMPTY_BODY = YES;
				CLANG_WARN_ENUM_CONVERSION = YES;
				CLANG_WARN_INFINITE_RECURSION = YES;
				CLANG_WARN_INT_CONVERSION = YES;
				CLANG_WARN_NON_LITERAL_NULL_CONVERSION = YES;
				CLANG_WARN_OBJC_IMPLICIT_RETAIN_SELF = YES;
				CLANG_WARN_OBJC_LITERAL_CONVERSION = YES;
				CLANG_WARN_OBJC_ROOT_CLASS = YES_ERROR;
				CLANG_WARN_QUOTED_INCLUDE_IN_FRAMEWORK_HEADER = YES;
				CLANG_WARN_RANGE_LOOP_ANALYSIS = YES;
				CLANG_WARN_STRICT_PROTOTYPES = YES;
				CLANG_WARN_SUSPICIOUS_MOVE = YES;
				CLANG_WARN_UNGUARDED_AVAILABILITY = YES_AGGRESSIVE;
				CLANG_WARN_UNREACHABLE_CODE = YES;
				CLANG_WARN__DUPLICATE_METHOD_MATCH = YES;
				COPY_PHASE_STRIP = NO;
				DEBUG_INFORMATION_FORMAT = dwarf;
				ENABLE_STRICT_OBJC_MSGSEND = YES;
				ENABLE_TESTABILITY = YES;
				GCC_C_LANGUAGE_STANDARD = gnu11;
				GCC_DYNAMIC_NO_PIC = NO;
				GCC_NO_COMMON_BLOCKS = YES;
				GCC_OPTIMIZATION_LEVEL = 0;
				GCC_PREPROCESSOR_DEFINITIONS = (
					"DEBUG=1",
					"$(inherited)",
				);
				GCC_WARN_64_TO_32_BIT_CONVERSION = YES;
				GCC_WARN_ABOUT_RETURN_TYPE = YES_ERROR;
				GCC_WARN_UNDECLARED_SELECTOR = YES;
				GCC_WARN_UNINITIALIZED_AUTOS = YES_AGGRESSIVE;
				GCC_WARN_UNUSED_FUNCTION = YES;
				GCC_WARN_UNUSED_VARIABLE = YES;
				IPHONEOS_DEPLOYMENT_TARGET = 16.4;
				MTL_ENABLE_DEBUG_INFO = INCLUDE_SOURCE;
				MTL_FAST_MATH = YES;
				ONLY_ACTIVE_ARCH = YES;
				SDKROOT = iphoneos;
				SWIFT_ACTIVE_COMPILATION_CONDITIONS = DEBUG;
				SWIFT_OPTIMIZATION_LEVEL = "-Onone";
			};
			name = Debug;
		};
		59218C602A921B4900785D16 /* Release */ = {
			isa = XCBuildConfiguration;
			buildSettings = {
				ALWAYS_SEARCH_USER_PATHS = NO;
				CLANG_ANALYZER_NONNULL = YES;
				CLANG_ANALYZER_NUMBER_OBJECT_CONVERSION = YES_AGGRESSIVE;
				CLANG_CXX_LANGUAGE_STANDARD = "gnu++20";
				CLANG_ENABLE_MODULES = YES;
				CLANG_ENABLE_OBJC_ARC = YES;
				CLANG_ENABLE_OBJC_WEAK = YES;
				CLANG_WARN_BLOCK_CAPTURE_AUTORELEASING = YES;
				CLANG_WARN_BOOL_CONVERSION = YES;
				CLANG_WARN_COMMA = YES;
				CLANG_WARN_CONSTANT_CONVERSION = YES;
				CLANG_WARN_DEPRECATED_OBJC_IMPLEMENTATIONS = YES;
				CLANG_WARN_DIRECT_OBJC_ISA_USAGE = YES_ERROR;
				CLANG_WARN_DOCUMENTATION_COMMENTS = YES;
				CLANG_WARN_EMPTY_BODY = YES;
				CLANG_WARN_ENUM_CONVERSION = YES;
				CLANG_WARN_INFINITE_RECURSION = YES;
				CLANG_WARN_INT_CONVERSION = YES;
				CLANG_WARN_NON_LITERAL_NULL_CONVERSION = YES;
				CLANG_WARN_OBJC_IMPLICIT_RETAIN_SELF = YES;
				CLANG_WARN_OBJC_LITERAL_CONVERSION = YES;
				CLANG_WARN_OBJC_ROOT_CLASS = YES_ERROR;
				CLANG_WARN_QUOTED_INCLUDE_IN_FRAMEWORK_HEADER = YES;
				CLANG_WARN_RANGE_LOOP_ANALYSIS = YES;
				CLANG_WARN_STRICT_PROTOTYPES = YES;
				CLANG_WARN_SUSPICIOUS_MOVE = YES;
				CLANG_WARN_UNGUARDED_AVAILABILITY = YES_AGGRESSIVE;
				CLANG_WARN_UNREACHABLE_CODE = YES;
				CLANG_WARN__DUPLICATE_METHOD_MATCH = YES;
				COPY_PHASE_STRIP = NO;
				DEBUG_INFORMATION_FORMAT = "dwarf-with-dsym";
				ENABLE_NS_ASSERTIONS = NO;
				ENABLE_STRICT_OBJC_MSGSEND = YES;
				GCC_C_LANGUAGE_STANDARD = gnu11;
				GCC_NO_COMMON_BLOCKS = YES;
				GCC_WARN_64_TO_32_BIT_CONVERSION = YES;
				GCC_WARN_ABOUT_RETURN_TYPE = YES_ERROR;
				GCC_WARN_UNDECLARED_SELECTOR = YES;
				GCC_WARN_UNINITIALIZED_AUTOS = YES_AGGRESSIVE;
				GCC_WARN_UNUSED_FUNCTION = YES;
				GCC_WARN_UNUSED_VARIABLE = YES;
				IPHONEOS_DEPLOYMENT_TARGET = 16.4;
				MTL_ENABLE_DEBUG_INFO = NO;
				MTL_FAST_MATH = YES;
				SDKROOT = iphoneos;
				SWIFT_COMPILATION_MODE = wholemodule;
				SWIFT_OPTIMIZATION_LEVEL = "-O";
				VALIDATE_PRODUCT = YES;
			};
			name = Release;
		};
		59218C622A921B4900785D16 /* Debug */ = {
			isa = XCBuildConfiguration;
			buildSettings = {
				ASSETCATALOG_COMPILER_APPICON_NAME = AppIcon;
				ASSETCATALOG_COMPILER_GLOBAL_ACCENT_COLOR_NAME = AccentColor;
				CODE_SIGN_STYLE = Automatic;
				CURRENT_PROJECT_VERSION = 1;
				GENERATE_INFOPLIST_FILE = YES;
				INFOPLIST_FILE = ImageView/Info.plist;
				INFOPLIST_KEY_UIApplicationSupportsIndirectInputEvents = YES;
				INFOPLIST_KEY_UILaunchStoryboardName = LaunchScreen;
				INFOPLIST_KEY_UIMainStoryboardFile = Main;
				INFOPLIST_KEY_UISupportedInterfaceOrientations_iPad = "UIInterfaceOrientationPortrait UIInterfaceOrientationPortraitUpsideDown UIInterfaceOrientationLandscapeLeft UIInterfaceOrientationLandscapeRight";
				INFOPLIST_KEY_UISupportedInterfaceOrientations_iPhone = "UIInterfaceOrientationPortrait UIInterfaceOrientationLandscapeLeft UIInterfaceOrientationLandscapeRight";
				LD_RUNPATH_SEARCH_PATHS = (
					"$(inherited)",
					"@executable_path/Frameworks",
				);
				MARKETING_VERSION = 1.0;
				PRODUCT_BUNDLE_IDENTIFIER = BRK.ImageView;
				PRODUCT_NAME = "$(TARGET_NAME)";
				SWIFT_EMIT_LOC_STRINGS = YES;
				SWIFT_VERSION = 5.0;
				TARGETED_DEVICE_FAMILY = "1,2";
			};
			name = Debug;
		};
		59218C632A921B4900785D16 /* Release */ = {
			isa = XCBuildConfiguration;
			buildSettings = {
				ASSETCATALOG_COMPILER_APPICON_NAME = AppIcon;
				ASSETCATALOG_COMPILER_GLOBAL_ACCENT_COLOR_NAME = AccentColor;
				CODE_SIGN_STYLE = Automatic;
				CURRENT_PROJECT_VERSION = 1;
				GENERATE_INFOPLIST_FILE = YES;
				INFOPLIST_FILE = ImageView/Info.plist;
				INFOPLIST_KEY_UIApplicationSupportsIndirectInputEvents = YES;
				INFOPLIST_KEY_UILaunchStoryboardName = LaunchScreen;
				INFOPLIST_KEY_UIMainStoryboardFile = Main;
				INFOPLIST_KEY_UISupportedInterfaceOrientations_iPad = "UIInterfaceOrientationPortrait UIInterfaceOrientationPortraitUpsideDown UIInterfaceOrientationLandscapeLeft UIInterfaceOrientationLandscapeRight";
				INFOPLIST_KEY_UISupportedInterfaceOrientations_iPhone = "UIInterfaceOrientationPortrait UIInterfaceOrientationLandscapeLeft UIInterfaceOrientationLandscapeRight";
				LD_RUNPATH_SEARCH_PATHS = (
					"$(inherited)",
					"@executable_path/Frameworks",
				);
				MARKETING_VERSION = 1.0;
				PRODUCT_BUNDLE_IDENTIFIER = BRK.ImageView;
				PRODUCT_NAME = "$(TARGET_NAME)";
				SWIFT_EMIT_LOC_STRINGS = YES;
				SWIFT_VERSION = 5.0;
				TARGETED_DEVICE_FAMILY = "1,2";
			};
			name = Release;
		};
		59218C652A921B4900785D16 /* Debug */ = {
			isa = XCBuildConfiguration;
			buildSettings = {
				ALWAYS_EMBED_SWIFT_STANDARD_LIBRARIES = YES;
				BUNDLE_LOADER = "$(TEST_HOST)";
				CODE_SIGN_STYLE = Automatic;
				CURRENT_PROJECT_VERSION = 1;
				GENERATE_INFOPLIST_FILE = YES;
				IPHONEOS_DEPLOYMENT_TARGET = 16.4;
				MARKETING_VERSION = 1.0;
				PRODUCT_BUNDLE_IDENTIFIER = BRK.ImageViewTests;
				PRODUCT_NAME = "$(TARGET_NAME)";
				SWIFT_EMIT_LOC_STRINGS = NO;
				SWIFT_VERSION = 5.0;
				TARGETED_DEVICE_FAMILY = "1,2";
				TEST_HOST = "$(BUILT_PRODUCTS_DIR)/ImageView.app/$(BUNDLE_EXECUTABLE_FOLDER_PATH)/ImageView";
			};
			name = Debug;
		};
		59218C662A921B4900785D16 /* Release */ = {
			isa = XCBuildConfiguration;
			buildSettings = {
				ALWAYS_EMBED_SWIFT_STANDARD_LIBRARIES = YES;
				BUNDLE_LOADER = "$(TEST_HOST)";
				CODE_SIGN_STYLE = Automatic;
				CURRENT_PROJECT_VERSION = 1;
				GENERATE_INFOPLIST_FILE = YES;
				IPHONEOS_DEPLOYMENT_TARGET = 16.4;
				MARKETING_VERSION = 1.0;
				PRODUCT_BUNDLE_IDENTIFIER = BRK.ImageViewTests;
				PRODUCT_NAME = "$(TARGET_NAME)";
				SWIFT_EMIT_LOC_STRINGS = NO;
				SWIFT_VERSION = 5.0;
				TARGETED_DEVICE_FAMILY = "1,2";
				TEST_HOST = "$(BUILT_PRODUCTS_DIR)/ImageView.app/$(BUNDLE_EXECUTABLE_FOLDER_PATH)/ImageView";
			};
			name = Release;
		};
		59218C682A921B4900785D16 /* Debug */ = {
			isa = XCBuildConfiguration;
			buildSettings = {
				ALWAYS_EMBED_SWIFT_STANDARD_LIBRARIES = YES;
				CODE_SIGN_STYLE = Automatic;
				CURRENT_PROJECT_VERSION = 1;
				GENERATE_INFOPLIST_FILE = YES;
				MARKETING_VERSION = 1.0;
				PRODUCT_BUNDLE_IDENTIFIER = BRK.ImageViewUITests;
				PRODUCT_NAME = "$(TARGET_NAME)";
				SWIFT_EMIT_LOC_STRINGS = NO;
				SWIFT_VERSION = 5.0;
				TARGETED_DEVICE_FAMILY = "1,2";
				TEST_TARGET_NAME = ImageView;
			};
			name = Debug;
		};
		59218C692A921B4900785D16 /* Release */ = {
			isa = XCBuildConfiguration;
			buildSettings = {
				ALWAYS_EMBED_SWIFT_STANDARD_LIBRARIES = YES;
				CODE_SIGN_STYLE = Automatic;
				CURRENT_PROJECT_VERSION = 1;
				GENERATE_INFOPLIST_FILE = YES;
				MARKETING_VERSION = 1.0;
				PRODUCT_BUNDLE_IDENTIFIER = BRK.ImageViewUITests;
				PRODUCT_NAME = "$(TARGET_NAME)";
				SWIFT_EMIT_LOC_STRINGS = NO;
				SWIFT_VERSION = 5.0;
				TARGETED_DEVICE_FAMILY = "1,2";
				TEST_TARGET_NAME = ImageView;
			};
			name = Release;
		};
/* End XCBuildConfiguration section */

/* Begin XCConfigurationList section */
		59218C322A921B4800785D16 /* Build configuration list for PBXProject "ImageView" */ = {
			isa = XCConfigurationList;
			buildConfigurations = (
				59218C5F2A921B4900785D16 /* Debug */,
				59218C602A921B4900785D16 /* Release */,
			);
			defaultConfigurationIsVisible = 0;
			defaultConfigurationName = Release;
		};
		59218C612A921B4900785D16 /* Build configuration list for PBXNativeTarget "ImageView" */ = {
			isa = XCConfigurationList;
			buildConfigurations = (
				59218C622A921B4900785D16 /* Debug */,
				59218C632A921B4900785D16 /* Release */,
			);
			defaultConfigurationIsVisible = 0;
			defaultConfigurationName = Release;
		};
		59218C642A921B4900785D16 /* Build configuration list for PBXNativeTarget "ImageViewTests" */ = {
			isa = XCConfigurationList;
			buildConfigurations = (
				59218C652A921B4900785D16 /* Debug */,
				59218C662A921B4900785D16 /* Release */,
			);
			defaultConfigurationIsVisible = 0;
			defaultConfigurationName = Release;
		};
		59218C672A921B4900785D16 /* Build configuration list for PBXNativeTarget "ImageViewUITests" */ = {
			isa = XCConfigurationList;
			buildConfigurations = (
				59218C682A921B4900785D16 /* Debug */,
				59218C692A921B4900785D16 /* Release */,
			);
			defaultConfigurationIsVisible = 0;
			defaultConfigurationName = Release;
		};
/* End XCConfigurationList section */
	};
	rootObject = 59218C2F2A921B4800785D16 /* Project object */;
}
